<?xml version="1.0" encoding="utf-8"?>
<Project ToolsVersion="4.0" xmlns="http://schemas.microsoft.com/developer/msbuild/2003">
  <ItemGroup>
    <Filter Include="Исходные файлы">
      <UniqueIdentifier>{4FC737F1-C7A5-4376-A066-2A32D752A2FF}</UniqueIdentifier>
      <Extensions>cpp;c;cc;cxx;c++;cppm;ixx;def;odl;idl;hpj;bat;asm;asmx</Extensions>
    </Filter>
    <Filter Include="Файлы заголовков">
      <UniqueIdentifier>{93995380-89BD-4b04-88EB-625FBE52EBFB}</UniqueIdentifier>
      <Extensions>h;hh;hpp;hxx;h++;hm;inl;inc;ipp;xsd</Extensions>
    </Filter>
    <Filter Include="Файлы ресурсов">
      <UniqueIdentifier>{67DA6AB6-F800-4c08-8B7A-83BB121AAD01}</UniqueIdentifier>
      <Extensions>rc;ico;cur;bmp;dlg;rc2;rct;bin;rgs;gif;jpg;jpeg;jpe;resx;tiff;tif;png;wav;mfcribbon-ms</Extensions>
    </Filter>
  </ItemGroup>
  <ItemGroup>
    <ClCompile Include="Lab_5_2Sem.cpp">
      <Filter>Исходные файлы</Filter>
    </ClCompile>
    <ClCompile Include="x64\Debug\ai.cpp">
      <Filter>Исходные файлы</Filter>
    </ClCompile>
    <ClCompile Include="x64\Debug\board.cpp">
      <Filter>Исходные файлы</Filter>
    </ClCompile>
    <ClCompile Include="x64\Debug\button.cpp">
      <Filter>Исходные файлы</Filter>
    </ClCompile>
    <ClCompile Include="x64\Debug\choose_difficulty.cpp">
      <Filter>Исходные файлы</Filter>
    </ClCompile>
    <ClCompile Include="x64\Debug\common.cpp">
      <Filter>Исходные файлы</Filter>
    </ClCompile>
    <ClCompile Include="x64\Debug\game.cpp">
      <Filter>Исходные файлы</Filter>
    </ClCompile>
    <ClCompile Include="x64\Debug\options.cpp">
      <Filter>Исходные файлы</Filter>
    </ClCompile>
    <ClCompile Include="x64\Debug\pawn.cpp">
      <Filter>Исходные файлы</Filter>
    </ClCompile>
    <ClCompile Include="x64\Debug\resources.cpp">
      <Filter>Исходные файлы</Filter>
    </ClCompile>
    <ClCompile Include="x64\Debug\shaders.cpp">
      <Filter>Исходные файлы</Filter>
    </ClCompile>
    <ClCompile Include="x64\Debug\slider.cpp">
      <Filter>Исходные файлы</Filter>
    </ClCompile>
    <ClCompile Include="x64\Debug\sound_player.cpp">
      <Filter>Исходные файлы</Filter>
    </ClCompile>
    <ClCompile Include="x64\Debug\state_stack.cpp">
      <Filter>Исходные файлы</Filter>
    </ClCompile>
    <ClCompile Include="x64\Debug\title.cpp">
      <Filter>Исходные файлы</Filter>
    </ClCompile>
    <ClCompile Include="x64\Debug\worker.cpp">
      <Filter>Исходные файлы</Filter>
    </ClCompile>
  </ItemGroup>
  <ItemGroup>
    <Image Include="x64\Debug\resources\Textures\Arrow.png">
      <Filter>Файлы ресурсов</Filter>
    </Image>
    <Image Include="x64\Debug\resources\Textures\Background.png">
      <Filter>Файлы ресурсов</Filter>
    </Image>
    <Image Include="x64\Debug\resources\Textures\Bar.png">
      <Filter>Файлы ресурсов</Filter>
    </Image>
    <Image Include="x64\Debug\resources\Textures\Board.png">
      <Filter>Файлы ресурсов</Filter>
    </Image>
    <Image Include="x64\Debug\resources\Textures\Button.png">
      <Filter>Файлы ресурсов</Filter>
    </Image>
    <Image Include="x64\Debug\resources\Textures\Cursor.png">
      <Filter>Файлы ресурсов</Filter>
    </Image>
    <Image Include="x64\Debug\resources\Textures\DarkKing.png">
      <Filter>Файлы ресурсов</Filter>
    </Image>
    <Image Include="x64\Debug\resources\Textures\DarkPawn.png">
      <Filter>Файлы ресурсов</Filter>
    </Image>
    <Image Include="x64\Debug\resources\Textures\Frame.png">
      <Filter>Файлы ресурсов</Filter>
    </Image>
    <Image Include="x64\Debug\resources\Textures\Icon.png">
      <Filter>Файлы ресурсов</Filter>
    </Image>
    <Image Include="x64\Debug\resources\Textures\LightKing.png">
      <Filter>Файлы ресурсов</Filter>
    </Image>
    <Image Include="x64\Debug\resources\Textures\LightPawn.png">
      <Filter>Файлы ресурсов</Filter>
    </Image>
  </ItemGroup>
  <ItemGroup>
    <None Include="x64\Debug\resources\Music\Decision.ogg">
      <Filter>Файлы ресурсов</Filter>
    </None>
    <None Include="x64\Debug\resources\Music\Forest.ogg">
      <Filter>Файлы ресурсов</Filter>
    </None>
    <None Include="x64\Debug\resources\Music\JourneyToTheEastRocks.ogg">
      <Filter>Файлы ресурсов</Filter>
    </None>
    <None Include="x64\Debug\resources\Music\Nature.ogg">
      <Filter>Файлы ресурсов</Filter>
    </None>
    <None Include="x64\Debug\resources\Music\WoodlandFantasy.ogg">
      <Filter>Файлы ресурсов</Filter>
    </None>
    <None Include="x64\Debug\resources\Music\Woods.ogg">
      <Filter>Файлы ресурсов</Filter>
    </None>
    <None Include="x64\Debug\resources\Shaders\Selection.frag">
      <Filter>Файлы ресурсов</Filter>
    </None>
    <None Include="x64\Debug\resources\Shaders\Shadow.frag">
      <Filter>Файлы ресурсов</Filter>
    </None>
    <None Include="x64\Debug\resources\Shaders\Transition.frag">
      <Filter>Файлы ресурсов</Filter>
    </None>
    <None Include="x64\Debug\resources\Shaders\Transition.vert">
      <Filter>Файлы ресурсов</Filter>
    </None>
    <None Include="x64\Debug\resources\Shaders\Wave.vert">
      <Filter>Файлы ресурсов</Filter>
    </None>
    <None Include="x64\Debug\resources\Sounds\GameOver.ogg">
      <Filter>Файлы ресурсов</Filter>
    </None>
    <None Include="x64\Debug\resources\Sounds\Victory.ogg">
      <Filter>Файлы ресурсов</Filter>
    </None>
  </ItemGroup>
  <ItemGroup>
    <Media Include="x64\Debug\resources\Sounds\Click.wav">
      <Filter>Файлы ресурсов</Filter>
    </Media>
    <Media Include="x64\Debug\resources\Sounds\Failure.wav">
      <Filter>Файлы ресурсов</Filter>
    </Media>
    <Media Include="x64\Debug\resources\Sounds\Fight.wav">
      <Filter>Файлы ресурсов</Filter>
    </Media>
    <Media Include="x64\Debug\resources\Sounds\Hover.wav">
      <Filter>Файлы ресурсов</Filter>
    </Media>
    <Media Include="x64\Debug\resources\Sounds\Move.wav">
      <Filter>Файлы ресурсов</Filter>
    </Media>
    <Media Include="x64\Debug\resources\Sounds\Success.wav">
      <Filter>Файлы ресурсов</Filter>
    </Media>
  </ItemGroup>
  <ItemGroup>
    <Font Include="x64\Debug\resources\Fonts\Candara.ttf">
      <Filter>Файлы ресурсов</Filter>
    </Font>
  </ItemGroup>
  <ItemGroup>
    <ClInclude Include="x64\Debug\headers\ai.hpp">
      <Filter>Файлы заголовков</Filter>
    </ClInclude>
    <ClInclude Include="x64\Debug\headers\board.hpp">
      <Filter>Файлы заголовков</Filter>
    </ClInclude>
    <ClInclude Include="x64\Debug\headers\button.hpp">
      <Filter>Файлы заголовков</Filter>
    </ClInclude>
    <ClInclude Include="x64\Debug\headers\choose_difficulty.hpp">
      <Filter>Файлы заголовков</Filter>
    </ClInclude>
    <ClInclude Include="x64\Debug\headers\common.hpp">
      <Filter>Файлы заголовков</Filter>
    </ClInclude>
    <ClInclude Include="x64\Debug\headers\game.hpp">
      <Filter>Файлы заголовков</Filter>
    </ClInclude>
    <ClInclude Include="x64\Debug\headers\options.hpp">
      <Filter>Файлы заголовков</Filter>
    </ClInclude>
    <ClInclude Include="x64\Debug\headers\pawn.hpp">
      <Filter>Файлы заголовков</Filter>
    </ClInclude>
    <ClInclude Include="x64\Debug\headers\resources.hpp">
      <Filter>Файлы заголовков</Filter>
    </ClInclude>
    <ClInclude Include="x64\Debug\headers\shaders.hpp">
      <Filter>Файлы заголовков</Filter>
    </ClInclude>
    <ClInclude Include="x64\Debug\headers\slider.hpp">
      <Filter>Файлы заголовков</Filter>
    </ClInclude>
    <ClInclude Include="x64\Debug\headers\sound_player.hpp">
      <Filter>Файлы заголовков</Filter>
    </ClInclude>
    <ClInclude Include="x64\Debug\headers\state.hpp">
      <Filter>Файлы заголовков</Filter>
    </ClInclude>
    <ClInclude Include="x64\Debug\headers\state_stack.hpp">
      <Filter>Файлы заголовков</Filter>
    </ClInclude>
    <ClInclude Include="x64\Debug\headers\title.hpp">
      <Filter>Файлы заголовков</Filter>
    </ClInclude>
    <ClInclude Include="x64\Debug\headers\worker.hpp">
      <Filter>Файлы заголовков</Filter>
    </ClInclude>
  </ItemGroup>
</Project>